{
  "R": {
    "Version": "4.2.0",
    "Repositories": [
      {
        "Name": "rstudio_ppm_binary",
        "URL": "https://packagemanager.rstudio.com/all/latest"
      },
      {
        "Name": "rstudio_ppm_source",
        "URL": "https://packagemanager.rstudio.com/all/latest"
      },
      {
        "Name": "cran",
        "URL": "https://cloud.r-project.org"
      },
      {
        "Name": "djnavarro",
        "URL": "https://djnavarro.r-universe.dev"
      }
    ]
  },
  "Packages": {
    "DBI": {
      "Package": "DBI",
      "Version": "1.1.3",
      "Source": "Repository",
      "Repository": "CRAN",
      "Hash": "b2866e62bab9378c3cc9476a1954226b",
      "Requirements": []
    },
    "KernSmooth": {
      "Package": "KernSmooth",
      "Version": "2.23-20",
      "Source": "Repository",
      "Repository": "CRAN",
      "Hash": "8dcfa99b14c296bc9f1fd64d52fd3ce7",
      "Requirements": []
    },
    "MASS": {
      "Package": "MASS",
      "Version": "7.3-57",
      "Source": "Repository",
      "Repository": "CRAN",
      "Hash": "71476c1d88d1ebdf31580e5a257d5d31",
      "Requirements": []
    },
    "Matrix": {
      "Package": "Matrix",
      "Version": "1.4-1",
      "Source": "Repository",
      "Repository": "CRAN",
      "Hash": "699c47c606293bdfbc9fd78a93c9c8fe",
      "Requirements": [
        "lattice"
      ]
    },
    "R6": {
      "Package": "R6",
      "Version": "2.5.1",
      "Source": "Repository",
      "Repository": "CRAN",
      "Hash": "470851b6d5d0ac559e9d01bb352b4021",
      "Requirements": []
    },
    "RColorBrewer": {
      "Package": "RColorBrewer",
      "Version": "1.1-3",
      "Source": "Repository",
      "Repository": "CRAN",
      "Hash": "45f0398006e83a5b10b72a90663d8d8c",
      "Requirements": []
    },
    "Rcpp": {
      "Package": "Rcpp",
      "Version": "1.0.9",
      "Source": "Repository",
      "Repository": "CRAN",
      "Hash": "e9c08b94391e9f3f97355841229124f2",
      "Requirements": []
    },
    "RcppArmadillo": {
      "Package": "RcppArmadillo",
      "Version": "0.11.2.0.0",
      "Source": "Repository",
      "Repository": "RSPM",
      "Hash": "1d3c02a90401734e893954c7f8f92f3e",
      "Requirements": [
        "Rcpp"
      ]
    },
    "RcppEigen": {
      "Package": "RcppEigen",
      "Version": "0.3.3.9.2",
      "Source": "Repository",
      "Repository": "RSPM",
      "Hash": "4c86baed78388ceb06f88e3e9a1d87f5",
      "Requirements": [
        "Matrix",
        "Rcpp"
      ]
    },
    "XML": {
      "Package": "XML",
      "Version": "3.99-0.10",
      "Source": "Repository",
      "Repository": "RSPM",
      "Hash": "f140675d766cf765bf06a5f14afb149d",
      "Requirements": []
    },
    "abind": {
      "Package": "abind",
      "Version": "1.4-5",
      "Source": "Repository",
      "Repository": "RSPM",
      "Hash": "4f57884290cc75ab22f4af9e9d4ca862",
      "Requirements": []
    },
    "ambient": {
      "Package": "ambient",
      "Version": "1.0.0",
      "Source": "Repository",
      "Repository": "CRAN",
      "Hash": "ca01cf145bc8712dbc6234dbc49522fd",
      "Requirements": [
        "Rcpp",
        "rlang"
      ]
    },
    "animation": {
      "Package": "animation",
      "Version": "2.7",
      "Source": "Repository",
      "Repository": "RSPM",
      "Hash": "b44dfd6eca87dd78c1b8acc67887c615",
      "Requirements": [
        "magick"
      ]
    },
    "backports": {
      "Package": "backports",
      "Version": "1.4.1",
      "Source": "Repository",
      "Repository": "CRAN",
      "Hash": "c39fbec8a30d23e721980b8afb31984c",
      "Requirements": []
    },
    "base64enc": {
      "Package": "base64enc",
      "Version": "0.1-3",
      "Source": "Repository",
      "Repository": "CRAN",
      "Hash": "543776ae6848fde2f48ff3816d0628bc",
      "Requirements": []
    },
    "bezier": {
      "Package": "bezier",
      "Version": "1.1.2",
      "Source": "Repository",
      "Repository": "RSPM",
      "Hash": "a02b18c7fe82856f3e9a7e2f2a643435",
      "Requirements": []
    },
    "bslib": {
      "Package": "bslib",
      "Version": "0.3.1",
      "Source": "Repository",
      "Repository": "CRAN",
      "Hash": "56ae7e1987b340186a8a5a157c2ec358",
      "Requirements": [
        "htmltools",
        "jquerylib",
        "jsonlite",
        "rlang",
        "sass"
      ]
    },
    "checkmate": {
      "Package": "checkmate",
      "Version": "2.1.0",
      "Source": "Repository",
      "Repository": "RSPM",
      "Hash": "147e4db6909d8814bb30f671b49d7e06",
      "Requirements": [
        "backports"
      ]
    },
    "class": {
      "Package": "class",
      "Version": "7.3-20",
      "Source": "Repository",
      "Repository": "CRAN",
      "Hash": "da09d82223e669d270e47ed24ac8686e",
      "Requirements": [
        "MASS"
      ]
    },
    "classInt": {
      "Package": "classInt",
      "Version": "0.4-7",
      "Source": "Repository",
      "Repository": "RSPM",
      "Hash": "9c04a89713e4c4f9c0f3bf9ef928f852",
      "Requirements": [
        "KernSmooth",
        "class",
        "e1071"
      ]
    },
    "cli": {
      "Package": "cli",
      "Version": "3.3.0",
      "Source": "Repository",
      "Repository": "CRAN",
      "Hash": "23abf173c2b783dcc43379ab9bba00ee",
      "Requirements": [
        "glue"
      ]
    },
    "codetools": {
      "Package": "codetools",
      "Version": "0.2-18",
      "Source": "Repository",
      "Repository": "CRAN",
      "Hash": "019388fc48e48b3da0d3a76ff94608a8",
      "Requirements": []
    },
    "colorspace": {
      "Package": "colorspace",
      "Version": "2.0-3",
      "Source": "Repository",
      "Repository": "CRAN",
      "Hash": "bb4341986bc8b914f0f0acf2e4a3f2f7",
      "Requirements": []
    },
    "cpp11": {
      "Package": "cpp11",
      "Version": "0.4.2",
      "Source": "Repository",
      "Repository": "CRAN",
      "Hash": "fa53ce256cd280f468c080a58ea5ba8c",
      "Requirements": []
    },
    "crayon": {
      "Package": "crayon",
      "Version": "1.5.1",
      "Source": "Repository",
      "Repository": "CRAN",
      "Hash": "8dc45fd8a1ee067a92b85ef274e66d6a",
      "Requirements": []
    },
    "curl": {
      "Package": "curl",
      "Version": "4.3.2",
      "Source": "Repository",
      "Repository": "CRAN",
      "Hash": "022c42d49c28e95d69ca60446dbabf88",
      "Requirements": []
    },
    "deldir": {
      "Package": "deldir",
      "Version": "1.0-6",
      "Source": "Repository",
      "Repository": "RSPM",
      "Hash": "65a3d4e2a1619bb85ae0fb64628da972",
      "Requirements": []
    },
    "digest": {
      "Package": "digest",
      "Version": "0.6.29",
      "Source": "Repository",
      "Repository": "CRAN",
      "Hash": "cf6b206a045a684728c3267ef7596190",
      "Requirements": []
    },
    "doParallel": {
      "Package": "doParallel",
      "Version": "1.0.17",
      "Source": "Repository",
      "Repository": "RSPM",
      "Hash": "451e5edf411987991ab6a5410c45011f",
      "Requirements": [
        "foreach",
        "iterators"
      ]
    },
    "dplyr": {
      "Package": "dplyr",
      "Version": "1.0.9",
      "Source": "Repository",
      "Repository": "CRAN",
      "Hash": "f0bda1627a7f5d3f9a0b5add931596ac",
      "Requirements": [
        "R6",
        "generics",
        "glue",
        "lifecycle",
        "magrittr",
        "pillar",
        "rlang",
        "tibble",
        "tidyselect",
        "vctrs"
      ]
    },
    "e1071": {
      "Package": "e1071",
      "Version": "1.7-11",
      "Source": "Repository",
      "Repository": "RSPM",
      "Hash": "fc02aa712f8600f7da17f44989646a21",
      "Requirements": [
        "class",
        "proxy"
      ]
    },
    "ellipsis": {
      "Package": "ellipsis",
      "Version": "0.3.2",
      "Source": "Repository",
      "Repository": "CRAN",
      "Hash": "bb0eec2fe32e88d9e2836c2f73ea2077",
      "Requirements": [
        "rlang"
      ]
    },
    "evaluate": {
      "Package": "evaluate",
      "Version": "0.15",
      "Source": "Repository",
      "Repository": "CRAN",
      "Hash": "699a7a93d08c962d9f8950b2d7a227f1",
      "Requirements": []
    },
    "fansi": {
      "Package": "fansi",
      "Version": "1.0.3",
      "Source": "Repository",
      "Repository": "CRAN",
      "Hash": "83a8afdbe71839506baa9f90eebad7ec",
      "Requirements": []
    },
    "farver": {
      "Package": "farver",
      "Version": "2.1.1",
      "Source": "Repository",
      "Repository": "CRAN",
      "Hash": "8106d78941f34855c440ddb946b8f7a5",
      "Requirements": []
    },
    "fastmap": {
      "Package": "fastmap",
      "Version": "1.1.0",
      "Source": "Repository",
      "Repository": "CRAN",
      "Hash": "77bd60a6157420d4ffa93b27cf6a58b8",
      "Requirements": []
    },
    "flametree": {
      "Package": "flametree",
      "Version": "0.1.3",
      "Source": "Repository",
      "Repository": "RSPM",
      "Hash": "90dbcaee7c16afd50f2a902628e1476a",
      "Requirements": [
        "dplyr",
        "ggforce",
        "ggplot2",
        "magrittr",
        "purrr",
        "tibble",
        "tidyr"
      ]
    },
    "foreach": {
      "Package": "foreach",
      "Version": "1.5.2",
      "Source": "Repository",
      "Repository": "RSPM",
      "Hash": "618609b42c9406731ead03adf5379850",
      "Requirements": [
        "codetools",
        "iterators"
      ]
    },
    "fs": {
      "Package": "fs",
      "Version": "1.5.2",
      "Source": "Repository",
      "Repository": "CRAN",
      "Hash": "7c89603d81793f0d5486d91ab1fc6f1d",
      "Requirements": []
    },
    "generics": {
      "Package": "generics",
      "Version": "0.1.3",
      "Source": "Repository",
      "Repository": "RSPM",
      "Hash": "15e9634c0fcd294799e9b2e929ed1b86",
      "Requirements": []
    },
    "gganimate": {
      "Package": "gganimate",
      "Version": "1.0.7",
      "Source": "Repository",
      "Repository": "RSPM",
      "Hash": "729026083340f1076e622886c5b337b7",
      "Requirements": [
        "ggplot2",
        "glue",
        "plyr",
        "progress",
        "rlang",
        "scales",
        "stringi",
        "tweenr"
      ]
    },
    "ggforce": {
      "Package": "ggforce",
      "Version": "0.3.3",
      "Source": "Repository",
      "Repository": "RSPM",
      "Hash": "4c64a588b497f8c088e1d308ddd40bc6",
      "Requirements": [
        "MASS",
        "Rcpp",
        "RcppEigen",
        "ggplot2",
        "gtable",
        "polyclip",
        "rlang",
        "scales",
        "tidyselect",
        "tweenr",
        "withr"
      ]
    },
    "ggfx": {
      "Package": "ggfx",
      "Version": "1.0.0",
      "Source": "Repository",
      "Repository": "RSPM",
      "Hash": "cbeb80280af8e4c6868d85ab78268957",
      "Requirements": [
        "ggplot2",
        "gtable",
        "magick",
        "ragg",
        "rlang"
      ]
    },
    "ggplot2": {
      "Package": "ggplot2",
      "Version": "3.3.6",
      "Source": "Repository",
      "Repository": "CRAN",
      "Hash": "0fb26d0674c82705c6b701d1a61e02ea",
      "Requirements": [
        "MASS",
        "digest",
        "glue",
        "gtable",
        "isoband",
        "mgcv",
        "rlang",
        "scales",
        "tibble",
        "withr"
      ]
    },
    "ggthemes": {
      "Package": "ggthemes",
      "Version": "4.2.4",
      "Source": "Repository",
      "Repository": "RSPM",
      "Hash": "617fb2c300f68e8b1ba21043fba88fd7",
      "Requirements": [
        "ggplot2",
        "purrr",
        "scales",
        "stringr",
        "tibble"
      ]
    },
    "gifski": {
      "Package": "gifski",
      "Version": "1.6.6-1",
      "Source": "Repository",
      "Repository": "RSPM",
      "Hash": "32cfcc7a7a72484e5857645df33ac077",
      "Requirements": []
    },
    "glue": {
      "Package": "glue",
      "Version": "1.6.2",
      "Source": "Repository",
      "Repository": "CRAN",
      "Hash": "4f2596dfb05dac67b9dc558e5c6fba2e",
      "Requirements": []
    },
    "goftest": {
      "Package": "goftest",
      "Version": "1.2-3",
      "Source": "Repository",
      "Repository": "RSPM",
      "Hash": "dbe0201f91eeb15918dd3fbf01ee689a",
      "Requirements": []
    },
    "grImport": {
      "Package": "grImport",
      "Version": "0.9-5",
      "Source": "Repository",
      "Repository": "RSPM",
      "Hash": "fffdf67fbc7d9677ef0dcd0020fcfcda",
      "Requirements": [
        "XML"
      ]
    },
    "gridExtra": {
      "Package": "gridExtra",
      "Version": "2.3",
      "Source": "Repository",
      "Repository": "RSPM",
      "Hash": "7d7f283939f563670a697165b2cf5560",
      "Requirements": [
        "gtable"
      ]
    },
    "gtable": {
      "Package": "gtable",
      "Version": "0.3.0",
      "Source": "Repository",
      "Repository": "CRAN",
      "Hash": "ac5c6baf7822ce8732b343f14c072c4d",
      "Requirements": []
    },
    "highr": {
      "Package": "highr",
      "Version": "0.9",
      "Source": "Repository",
      "Repository": "CRAN",
      "Hash": "8eb36c8125038e648e5d111c0d7b2ed4",
      "Requirements": [
        "xfun"
      ]
    },
    "hms": {
      "Package": "hms",
      "Version": "1.1.1",
      "Source": "Repository",
      "Repository": "CRAN",
      "Hash": "5b8a2dd0fdbe2ab4f6081e6c7be6dfca",
      "Requirements": [
        "ellipsis",
        "lifecycle",
        "pkgconfig",
        "rlang",
        "vctrs"
      ]
    },
    "htmltools": {
      "Package": "htmltools",
      "Version": "0.5.2",
      "Source": "Repository",
      "Repository": "CRAN",
      "Hash": "526c484233f42522278ab06fb185cb26",
      "Requirements": [
        "base64enc",
        "digest",
        "fastmap",
        "rlang"
      ]
    },
    "htmlwidgets": {
      "Package": "htmlwidgets",
      "Version": "1.5.4",
      "Source": "Repository",
      "Repository": "RSPM",
      "Hash": "76147821cd3fcd8c4b04e1ef0498e7fb",
      "Requirements": [
        "htmltools",
        "jsonlite",
        "yaml"
      ]
    },
    "isoband": {
      "Package": "isoband",
      "Version": "0.2.5",
      "Source": "Repository",
      "Repository": "CRAN",
      "Hash": "7ab57a6de7f48a8dc84910d1eca42883",
      "Requirements": []
    },
    "iterators": {
      "Package": "iterators",
      "Version": "1.0.14",
      "Source": "Repository",
      "Repository": "RSPM",
      "Hash": "8954069286b4b2b0d023d1b288dce978",
      "Requirements": []
    },
    "jasmines": {
      "Package": "jasmines",
      "Version": "0.0.0.9001",
      "Source": "GitHub",
      "RemoteType": "github",
      "RemoteHost": "api.github.com",
      "RemoteRepo": "jasmines",
      "RemoteUsername": "djnavarro",
      "RemoteRef": "HEAD",
      "RemoteSha": "f5455c3e0f35043f4147b5b2af32505517c671c5",
      "Hash": "3ee10aac12f346d9d7cb69a98eeaabba",
      "Requirements": [
        "ambient",
        "animation",
        "dplyr",
        "e1071",
        "gganimate",
        "ggplot2",
        "grImport",
        "magick",
        "magrittr",
        "patchwork",
        "progress",
        "purrr",
        "scico",
        "sp",
        "spatstat",
        "stringr",
        "tibble",
        "tidyr",
        "viridis"
      ]
    },
    "jpeg": {
      "Package": "jpeg",
      "Version": "0.1-9",
      "Source": "Repository",
      "Repository": "RSPM",
      "Hash": "441ee36360a57b363f4fa3df0c364630",
      "Requirements": []
    },
    "jquerylib": {
      "Package": "jquerylib",
      "Version": "0.1.4",
      "Source": "Repository",
      "Repository": "CRAN",
      "Hash": "5aab57a3bd297eee1c1d862735972182",
      "Requirements": [
        "htmltools"
      ]
    },
    "jsonlite": {
      "Package": "jsonlite",
      "Version": "1.8.0",
      "Source": "Repository",
      "Repository": "CRAN",
      "Hash": "d07e729b27b372429d42d24d503613a0",
      "Requirements": []
    },
    "knitr": {
      "Package": "knitr",
      "Version": "1.39",
      "Source": "Repository",
      "Repository": "CRAN",
      "Hash": "029ab7c4badd3cf8af69016b2ba27493",
      "Requirements": [
        "evaluate",
        "highr",
        "stringr",
        "xfun",
        "yaml"
      ]
    },
    "labeling": {
      "Package": "labeling",
      "Version": "0.4.2",
      "Source": "Repository",
      "Repository": "CRAN",
      "Hash": "3d5108641f47470611a32d0bdf357a72",
      "Requirements": []
    },
    "later": {
      "Package": "later",
      "Version": "1.3.0",
      "Source": "Repository",
      "Repository": "CRAN",
      "Hash": "7e7b457d7766bc47f2a5f21cc2984f8e",
      "Requirements": [
        "Rcpp",
        "rlang"
      ]
    },
    "lattice": {
      "Package": "lattice",
      "Version": "0.20-45",
      "Source": "Repository",
      "Repository": "CRAN",
      "Hash": "b64cdbb2b340437c4ee047a1f4c4377b",
      "Requirements": []
    },
    "lifecycle": {
      "Package": "lifecycle",
      "Version": "1.0.1",
      "Source": "Repository",
      "Repository": "CRAN",
      "Hash": "a6b6d352e3ed897373ab19d8395c98d0",
      "Requirements": [
        "glue",
        "rlang"
      ]
    },
    "lwgeom": {
      "Package": "lwgeom",
      "Version": "0.2-8",
      "Source": "Repository",
      "Repository": "RSPM",
      "Hash": "68b7afe010f5ddc3d5a5c8113018bb39",
      "Requirements": [
        "Rcpp",
        "sf",
        "units"
      ]
    },
    "magick": {
      "Package": "magick",
      "Version": "2.7.3",
      "Source": "Repository",
      "Repository": "RSPM",
      "Hash": "56fbad418aa50939ed8c3028126af8d7",
      "Requirements": [
        "Rcpp",
        "curl",
        "magrittr"
      ]
    },
    "magrittr": {
      "Package": "magrittr",
      "Version": "2.0.3",
      "Source": "Repository",
      "Repository": "CRAN",
      "Hash": "7ce2733a9826b3aeb1775d56fd305472",
      "Requirements": []
    },
    "mgcv": {
      "Package": "mgcv",
      "Version": "1.8-40",
      "Source": "Repository",
      "Repository": "CRAN",
      "Hash": "c6b2fdb18cf68ab613bd564363e1ba0d",
      "Requirements": [
        "Matrix",
        "nlme"
      ]
    },
    "mime": {
      "Package": "mime",
      "Version": "0.12",
      "Source": "Repository",
      "Repository": "CRAN",
      "Hash": "18e9c28c1d3ca1560ce30658b22ce104",
      "Requirements": []
    },
    "munsell": {
      "Package": "munsell",
      "Version": "0.5.0",
      "Source": "Repository",
      "Repository": "CRAN",
      "Hash": "6dfe8bf774944bd5595785e3229d8771",
      "Requirements": [
        "colorspace"
      ]
    },
    "nlme": {
      "Package": "nlme",
      "Version": "3.1-157",
      "Source": "Repository",
      "Repository": "CRAN",
      "Hash": "dbca60742be0c9eddc5205e5c7ca1f44",
      "Requirements": [
        "lattice"
      ]
    },
    "patchwork": {
      "Package": "patchwork",
      "Version": "1.1.1",
      "Source": "Repository",
      "Repository": "RSPM",
      "Hash": "c446b30cb33ec125ff02588b60660ccb",
      "Requirements": [
        "ggplot2",
        "gtable"
      ]
    },
    "pillar": {
      "Package": "pillar",
      "Version": "1.7.0",
      "Source": "Repository",
      "Repository": "CRAN",
      "Hash": "51dfc97e1b7069e9f7e6f83f3589c22e",
      "Requirements": [
        "cli",
        "crayon",
        "ellipsis",
        "fansi",
        "glue",
        "lifecycle",
        "rlang",
        "utf8",
        "vctrs"
      ]
    },
    "pkgconfig": {
      "Package": "pkgconfig",
      "Version": "2.0.3",
      "Source": "Repository",
      "Repository": "CRAN",
      "Hash": "01f28d4278f15c76cddbea05899c5d6f",
      "Requirements": []
    },
    "plyr": {
      "Package": "plyr",
      "Version": "1.8.7",
      "Source": "Repository",
      "Repository": "RSPM",
      "Hash": "9c17c6ee41639ebdc1d7266546d3b627",
      "Requirements": [
        "Rcpp"
      ]
    },
    "png": {
      "Package": "png",
      "Version": "0.1-7",
      "Source": "Repository",
      "Repository": "CRAN",
      "Hash": "03b7076c234cb3331288919983326c55",
      "Requirements": []
    },
    "polyclip": {
      "Package": "polyclip",
      "Version": "1.10-0",
      "Source": "Repository",
      "Repository": "RSPM",
      "Hash": "cb167f328b3ada4ec5cf67a7df4c900a",
      "Requirements": []
    },
    "prettyunits": {
      "Package": "prettyunits",
      "Version": "1.1.1",
      "Source": "Repository",
      "Repository": "CRAN",
      "Hash": "95ef9167b75dde9d2ccc3c7528393e7e",
      "Requirements": []
    },
    "processx": {
      "Package": "processx",
      "Version": "3.6.1",
      "Source": "Repository",
      "Repository": "CRAN",
      "Hash": "a11891e28c1f1e5ddd773ba1b8c07cf6",
      "Requirements": [
        "R6",
        "ps"
      ]
    },
    "progress": {
      "Package": "progress",
      "Version": "1.2.2",
      "Source": "Repository",
      "Repository": "CRAN",
      "Hash": "14dc9f7a3c91ebb14ec5bb9208a07061",
      "Requirements": [
        "R6",
        "crayon",
        "hms",
        "prettyunits"
      ]
    },
    "proxy": {
      "Package": "proxy",
      "Version": "0.4-27",
      "Source": "Repository",
      "Repository": "RSPM",
      "Hash": "e0ef355c12942cf7a6b91a6cfaea8b3e",
      "Requirements": []
    },
    "ps": {
      "Package": "ps",
      "Version": "1.7.1",
      "Source": "Repository",
      "Repository": "CRAN",
      "Hash": "8b93531308c01ad0e56d9eadcc0c4fcd",
      "Requirements": []
    },
    "purrr": {
      "Package": "purrr",
      "Version": "0.3.4",
      "Source": "Repository",
      "Repository": "CRAN",
      "Hash": "97def703420c8ab10d8f0e6c72101e02",
      "Requirements": [
        "magrittr",
        "rlang"
      ]
    },
    "quarto": {
      "Package": "quarto",
      "Version": "1.1",
      "Source": "Repository",
      "Repository": "RSPM",
      "Hash": "8eea03d347a0002455feba966306307b",
      "Requirements": [
        "jsonlite",
        "later",
        "processx",
        "rmarkdown",
        "rstudioapi",
        "yaml"
      ]
    },
    "ragg": {
      "Package": "ragg",
      "Version": "1.2.2",
      "Source": "Repository",
      "Repository": "RSPM",
      "Hash": "14932bb6f2739c771ca4ceaba6b4248e",
      "Requirements": [
        "systemfonts",
        "textshaping"
      ]
    },
    "rappdirs": {
      "Package": "rappdirs",
      "Version": "0.3.3",
      "Source": "Repository",
      "Repository": "CRAN",
      "Hash": "5e3c5dc0b071b21fa128676560dbe94d",
      "Requirements": []
    },
    "raster": {
      "Package": "raster",
      "Version": "3.5-21",
      "Source": "Repository",
      "Repository": "RSPM",
      "Hash": "2a312d1edc9253ed38245f586744216e",
      "Requirements": [
        "Rcpp",
        "sp",
        "terra"
      ]
    },
    "rayimage": {
      "Package": "rayimage",
      "Version": "0.6.2",
      "Source": "Repository",
      "Repository": "RSPM",
      "Hash": "ffda622d6b71ae26d8712ed7b726bdd2",
      "Requirements": [
        "Rcpp",
        "RcppArmadillo",
        "jpeg",
        "magrittr",
        "png",
        "progress"
      ]
    },
    "rayshader": {
      "Package": "rayshader",
      "Version": "0.24.10",
      "Source": "Repository",
      "Repository": "RSPM",
      "Hash": "61600f13786896940e7b7173ae1582a8",
      "Requirements": [
        "Rcpp",
        "RcppArmadillo",
        "doParallel",
        "foreach",
        "magrittr",
        "png",
        "progress",
        "raster",
        "rayimage",
        "rgl",
        "scales",
        "terrainmeshr"
      ]
    },
    "renv": {
      "Package": "renv",
      "Version": "0.15.4",
      "Source": "Repository",
      "Repository": "RSPM",
      "Hash": "c1078316e1d4f70275fc1ea60c0bc431",
      "Requirements": []
    },
    "rgl": {
      "Package": "rgl",
      "Version": "0.109.6",
      "Source": "Repository",
      "Repository": "RSPM",
      "Hash": "0da70b9563a89391fd62468724cdbafc",
      "Requirements": [
        "R6",
        "base64enc",
        "htmltools",
        "htmlwidgets",
        "jsonlite",
        "knitr",
        "magrittr",
        "mime"
      ]
    },
    "rlang": {
      "Package": "rlang",
      "Version": "1.0.3",
      "Source": "Repository",
      "Repository": "RSPM",
      "Hash": "9103a8f74b2114a5ed1136b471d8feca",
      "Requirements": []
    },
    "rmarkdown": {
      "Package": "rmarkdown",
      "Version": "2.14",
      "Source": "Repository",
      "Repository": "CRAN",
      "Hash": "31b60a882fabfabf6785b8599ffeb8ba",
      "Requirements": [
        "bslib",
        "evaluate",
        "htmltools",
        "jquerylib",
        "jsonlite",
        "knitr",
        "stringr",
        "tinytex",
        "xfun",
        "yaml"
      ]
    },
    "rpart": {
      "Package": "rpart",
      "Version": "4.1.16",
      "Source": "Repository",
      "Repository": "CRAN",
      "Hash": "ea3ca1d9473daabb3cd0f1b4f974c1ed",
      "Requirements": []
    },
    "rstudioapi": {
      "Package": "rstudioapi",
      "Version": "0.13",
      "Source": "Repository",
      "Repository": "CRAN",
      "Hash": "06c85365a03fdaf699966cc1d3cf53ea",
      "Requirements": []
    },
    "s2": {
      "Package": "s2",
      "Version": "1.0.7",
      "Source": "Repository",
      "Repository": "RSPM",
      "Hash": "cedf9ef196a446ee8080c14267e69410",
      "Requirements": [
        "Rcpp",
        "wk"
      ]
    },
    "sass": {
      "Package": "sass",
      "Version": "0.4.1",
      "Source": "Repository",
      "Repository": "CRAN",
      "Hash": "f37c0028d720bab3c513fd65d28c7234",
      "Requirements": [
        "R6",
        "fs",
        "htmltools",
        "rappdirs",
        "rlang"
      ]
    },
    "scales": {
      "Package": "scales",
      "Version": "1.2.0",
      "Source": "Repository",
      "Repository": "CRAN",
      "Hash": "6e8750cdd13477aa440d453da93d5cac",
      "Requirements": [
        "R6",
        "RColorBrewer",
        "farver",
        "labeling",
        "lifecycle",
        "munsell",
        "rlang",
        "viridisLite"
      ]
    },
    "scico": {
      "Package": "scico",
      "Version": "1.3.0",
      "Source": "Repository",
      "Repository": "RSPM",
      "Hash": "5a01105ea6161bd623a2318f7e370271",
      "Requirements": [
        "scales"
      ]
    },
    "sf": {
      "Package": "sf",
      "Version": "1.0-7",
      "Source": "Repository",
      "Repository": "RSPM",
      "Hash": "d237b77320537f7793c7a4f83267cf50",
      "Requirements": [
        "DBI",
        "Rcpp",
        "classInt",
        "magrittr",
        "s2",
        "units"
      ]
    },
    "sp": {
      "Package": "sp",
      "Version": "1.5-0",
      "Source": "Repository",
      "Repository": "RSPM",
      "Hash": "2a118bdd2db0a301711e0a9e3e3206d5",
      "Requirements": [
        "lattice"
      ]
    },
    "spatstat": {
      "Package": "spatstat",
      "Version": "2.3-4",
      "Source": "Repository",
      "Repository": "RSPM",
      "Hash": "f52cbe8bfe269cc6c6615531ce430e9b",
      "Requirements": [
        "spatstat.core",
        "spatstat.data",
        "spatstat.geom",
        "spatstat.linnet",
        "spatstat.random",
        "spatstat.utils"
      ]
    },
    "spatstat.core": {
      "Package": "spatstat.core",
      "Version": "2.4-4",
      "Source": "Repository",
      "Repository": "RSPM",
      "Hash": "545286d6a69ff647be18aab77306fa54",
      "Requirements": [
        "Matrix",
        "abind",
        "goftest",
        "mgcv",
        "nlme",
        "rpart",
        "spatstat.data",
        "spatstat.geom",
        "spatstat.random",
        "spatstat.sparse",
        "spatstat.utils",
        "tensor"
      ]
    },
    "spatstat.data": {
      "Package": "spatstat.data",
      "Version": "2.2-0",
      "Source": "Repository",
      "Repository": "RSPM",
      "Hash": "5b4f6c12d1a222680579070a045786bb",
      "Requirements": [
        "Matrix",
        "spatstat.utils"
      ]
    },
    "spatstat.geom": {
      "Package": "spatstat.geom",
      "Version": "2.4-0",
      "Source": "Repository",
      "Repository": "RSPM",
      "Hash": "33f4612dc27fa9228cac4713bb2edfd7",
      "Requirements": [
        "deldir",
        "polyclip",
        "spatstat.data",
        "spatstat.utils"
      ]
    },
    "spatstat.linnet": {
      "Package": "spatstat.linnet",
      "Version": "2.3-2",
      "Source": "Repository",
      "Repository": "RSPM",
      "Hash": "d1f816d9a1ca219ac58f4b8ca351d991",
      "Requirements": [
        "Matrix",
        "spatstat.core",
        "spatstat.data",
        "spatstat.geom",
        "spatstat.random",
        "spatstat.sparse",
        "spatstat.utils"
      ]
    },
    "spatstat.random": {
      "Package": "spatstat.random",
      "Version": "2.2-0",
      "Source": "Repository",
      "Repository": "RSPM",
      "Hash": "c08d6e00855f11e04ac863dce8d6779e",
      "Requirements": [
        "spatstat.data",
        "spatstat.geom",
        "spatstat.utils"
      ]
    },
    "spatstat.sparse": {
      "Package": "spatstat.sparse",
      "Version": "2.1-1",
      "Source": "Repository",
      "Repository": "RSPM",
      "Hash": "cde91679dea4a2fb53833a86f32c94f5",
      "Requirements": [
        "Matrix",
        "abind",
        "spatstat.utils",
        "tensor"
      ]
    },
    "spatstat.utils": {
      "Package": "spatstat.utils",
      "Version": "2.3-1",
      "Source": "Repository",
      "Repository": "RSPM",
      "Hash": "cd59e2bcc05a5e34c00fe4760f118960",
      "Requirements": []
    },
    "stringi": {
      "Package": "stringi",
      "Version": "1.7.6",
      "Source": "Repository",
      "Repository": "CRAN",
      "Hash": "bba431031d30789535745a9627ac9271",
      "Requirements": []
    },
    "stringr": {
      "Package": "stringr",
      "Version": "1.4.0",
      "Source": "Repository",
      "Repository": "CRAN",
      "Hash": "0759e6b6c0957edb1311028a49a35e76",
      "Requirements": [
        "glue",
        "magrittr",
        "stringi"
      ]
    },
    "systemfonts": {
      "Package": "systemfonts",
      "Version": "1.0.4",
      "Source": "Repository",
      "Repository": "CRAN",
      "Hash": "90b28393209827327de889f49935140a",
      "Requirements": [
        "cpp11"
      ]
    },
    "tensor": {
      "Package": "tensor",
      "Version": "1.5",
      "Source": "Repository",
      "Repository": "RSPM",
      "Hash": "25cfab6cf405c15bccf7e69ec39df090",
      "Requirements": []
    },
    "terra": {
      "Package": "terra",
      "Version": "1.5-34",
      "Source": "Repository",
      "Repository": "RSPM",
      "Hash": "c3401c4598d3c2d6158e10c966d70cbd",
      "Requirements": [
        "Rcpp"
      ]
    },
    "terrainmeshr": {
      "Package": "terrainmeshr",
      "Version": "0.1.0",
      "Source": "Repository",
      "Repository": "RSPM",
      "Hash": "f0dc9be31d757b475dbbdaf320703685",
      "Requirements": [
        "Rcpp"
      ]
    },
    "textshaping": {
      "Package": "textshaping",
      "Version": "0.3.6",
      "Source": "Repository",
      "Repository": "RSPM",
      "Hash": "1ab6223d3670fac7143202cb6a2d43d5",
      "Requirements": [
        "cpp11",
        "systemfonts"
      ]
    },
    "tibble": {
      "Package": "tibble",
      "Version": "3.1.7",
      "Source": "Repository",
      "Repository": "CRAN",
      "Hash": "08415af406e3dd75049afef9552e7355",
      "Requirements": [
        "ellipsis",
        "fansi",
        "lifecycle",
        "magrittr",
        "pillar",
        "pkgconfig",
        "rlang",
        "vctrs"
      ]
    },
    "tictoc": {
      "Package": "tictoc",
      "Version": "1.0.1",
      "Source": "Repository",
      "Repository": "RSPM",
      "Hash": "5acb66b0266ad1f0ebf7ffe1aa36ff4c",
      "Requirements": []
    },
    "tidyr": {
      "Package": "tidyr",
      "Version": "1.2.0",
      "Source": "Repository",
      "Repository": "CRAN",
      "Hash": "d8b95b7fee945d7da6888cf7eb71a49c",
      "Requirements": [
        "cpp11",
        "dplyr",
        "ellipsis",
        "glue",
        "lifecycle",
        "magrittr",
        "purrr",
        "rlang",
        "tibble",
        "tidyselect",
        "vctrs"
      ]
    },
    "tidyselect": {
      "Package": "tidyselect",
      "Version": "1.1.2",
      "Source": "Repository",
      "Repository": "CRAN",
      "Hash": "17f6da8cfd7002760a859915ce7eef8f",
      "Requirements": [
        "ellipsis",
        "glue",
        "purrr",
        "rlang",
        "vctrs"
      ]
    },
    "tinytex": {
      "Package": "tinytex",
      "Version": "0.40",
      "Source": "Repository",
      "Repository": "CRAN",
      "Hash": "e7b654da5e77bc4e5435a966329cd25f",
      "Requirements": [
        "xfun"
      ]
    },
    "truchet": {
      "Package": "truchet",
      "Version": "0.0.0.9007",
      "Source": "GitHub",
      "RemoteType": "github",
      "RemoteHost": "api.github.com",
      "RemoteRepo": "truchet",
      "RemoteUsername": "paezha",
      "RemoteRef": "HEAD",
      "RemoteSha": "5f8c93c1c316288612aa6280244cf176e7eed18e",
      "Hash": "517aa68c624bfb255f793d21f3abf964",
      "Requirements": [
        "bezier",
        "checkmate",
        "dplyr",
        "lwgeom",
        "magrittr",
        "purrr",
        "rlang",
        "sf",
        "tidyr"
      ]
    },
    "tweenr": {
      "Package": "tweenr",
      "Version": "1.0.2",
      "Source": "Repository",
      "Repository": "RSPM",
      "Hash": "6cc663f970a529dbf776f11d5bcd1a2e",
      "Requirements": [
        "Rcpp",
        "farver",
        "magrittr",
        "rlang"
      ]
    },
    "units": {
      "Package": "units",
      "Version": "0.8-0",
      "Source": "Repository",
      "Repository": "RSPM",
      "Hash": "6c374b265ba437f8d384ec7a313edd96",
      "Requirements": [
        "Rcpp"
      ]
    },
    "utf8": {
      "Package": "utf8",
      "Version": "1.2.2",
      "Source": "Repository",
      "Repository": "CRAN",
      "Hash": "c9c462b759a5cc844ae25b5942654d13",
      "Requirements": []
    },
    "vctrs": {
      "Package": "vctrs",
      "Version": "0.4.1",
      "Source": "Repository",
      "Repository": "CRAN",
      "Hash": "8b54f22e2a58c4f275479c92ce041a57",
      "Requirements": [
        "cli",
        "glue",
        "rlang"
      ]
    },
    "viridis": {
      "Package": "viridis",
      "Version": "0.6.2",
      "Source": "Repository",
      "Repository": "RSPM",
      "Hash": "ee96aee95a7a563e5496f8991e9fde4b",
      "Requirements": [
        "ggplot2",
        "gridExtra",
        "viridisLite"
      ]
    },
    "viridisLite": {
      "Package": "viridisLite",
      "Version": "0.4.0",
      "Source": "Repository",
      "Repository": "CRAN",
      "Hash": "55e157e2aa88161bdb0754218470d204",
      "Requirements": []
    },
    "voronoise": {
      "Package": "voronoise",
      "Version": "0.0.0.9000",
      "Source": "GitHub",
      "RemoteType": "github",
      "RemoteHost": "api.github.com",
      "RemoteRepo": "voronoise",
      "RemoteUsername": "djnavarro",
      "RemoteRef": "HEAD",
      "RemoteSha": "8c9a0f8ce8114637702f14f506f716a2025f3f61",
      "Hash": "92295b6e1579bfe709bc32fba001fd60",
      "Requirements": [
        "dplyr",
        "ggforce",
        "ggplot2"
      ]
    },
    "withr": {
      "Package": "withr",
      "Version": "2.5.0",
      "Source": "Repository",
      "Repository": "CRAN",
      "Hash": "c0e49a9760983e81e55cdd9be92e7182",
      "Requirements": []
    },
    "wk": {
      "Package": "wk",
      "Version": "0.6.0",
      "Source": "Repository",
      "Repository": "RSPM",
      "Hash": "d6bc0432436a0aefbf29d5de8588b876",
      "Requirements": []
    },
    "xfun": {
      "Package": "xfun",
      "Version": "0.31",
      "Source": "Repository",
      "Repository": "CRAN",
      "Hash": "a318c6f752b8dcfe9fb74d897418ab2b",
      "Requirements": []
    },
    "yaml": {
      "Package": "yaml",
      "Version": "2.3.5",
      "Source": "Repository",
      "Repository": "CRAN",
      "Hash": "458bb38374d73bf83b1bb85e353da200",
      "Requirements": []
    }
  }
}
